
Microsoft Visual Studio Solution File, Format Version 12.00
# Visual Studio 2012
Project("{FAE04EC0-301F-11D3-BF4B-00C04F79EFBC}") = "Umc.Core.Tools.VSGesture for VS2012", "Umc.Core.Tools.VSGesture for VS2012.csproj", "{31B3E3C9-271D-4DE4-B043-8A450AC534FC}"
EndProject
Project("{2150E333-8FDC-42A3-9474-1A3956D46DE8}") = "Solution Items", "Solution Items", "{FB5B5369-718B-436C-934F-55F024F9A316}"
	ProjectSection(SolutionItems) = preProject
		..\SharedAssemblies\IACOM.dll = ..\SharedAssemblies\IACOM.dll
		..\SharedAssemblies\IACore.dll = ..\SharedAssemblies\IACore.dll
		..\SharedAssemblies\IALoader.dll = ..\SharedAssemblies\IALoader.dll
		..\SharedAssemblies\Microsoft.Ink.dll = ..\SharedAssemblies\Microsoft.Ink.dll
	EndProjectSection
EndProject
Global
	GlobalSection(SolutionConfigurationPlatforms) = preSolution
		Debug|Any CPU = Debug|Any CPU
		Release|Any CPU = Release|Any CPU
	EndGlobalSection
	GlobalSection(ProjectConfigurationPlatforms) = postSolution
		{31B3E3C9-271D-4DE4-B043-8A450AC534FC}.Debug|Any CPU.ActiveCfg = Debug|Any CPU
		{31B3E3C9-271D-4DE4-B043-8A450AC534FC}.Debug|Any CPU.Build.0 = Debug|Any CPU
		{31B3E3C9-271D-4DE4-B043-8A450AC534FC}.Release|Any CPU.ActiveCfg = Release|Any CPU
		{31B3E3C9-271D-4DE4-B043-8A450AC534FC}.Release|Any CPU.Build.0 = Release|Any CPU
	EndGlobalSection
	GlobalSection(SolutionProperties) = preSolution
		HideSolutionNode = FALSE
	EndGlobalSection
EndGlobal
